// !$*UTF8*$!
{
	archiveVersion = 1;
	classes = {
	};
	objectVersion = 77;
	objects = {

/* Begin PBXBuildFile section */
		0481D40368ACECCCAC6A2EE8 /* PunctuationSpacing.swift in Sources */ = {isa = PBXBuildFile; fileRef = D0E39453769AEEE16E7100E5 /* PunctuationSpacing.swift */; };
		0FF64F2E44E0CF981D0F55F0 /* OrtholinearApp.swift in Sources */ = {isa = PBXBuildFile; fileRef = 64A444EABA05F1E4609B1364 /* OrtholinearApp.swift */; };
		14908B890B2894164D488C49 /* PreferenceStore.swift in Sources */ = {isa = PBXBuildFile; fileRef = 32F289822E78B8E86444E1DB /* PreferenceStore.swift */; };
		23A0055C86092F4090020792 /* PreviewSurface.swift in Sources */ = {isa = PBXBuildFile; fileRef = 5964C3E29AFD44D3E85A98CF /* PreviewSurface.swift */; };
		2822A5F7F1A1E90223FB7626 /* KeyboardViewController.swift in Sources */ = {isa = PBXBuildFile; fileRef = ACF307C0E61A7F0F7CA21AD9 /* KeyboardViewController.swift */; };
		33D803B70D2BB7CBD7C06303 /* KeyboardUITests.swift in Sources */ = {isa = PBXBuildFile; fileRef = FB208E703422E526173E53E8 /* KeyboardUITests.swift */; };
		37BFB95BF57A4B15CD74B46B /* KeyboardView.swift in Sources */ = {isa = PBXBuildFile; fileRef = 18883B1E32D31C78BBBC5823 /* KeyboardView.swift */; };
		57BA8D1A393E327B0CBABB8B /* PrivacyInfo.xcprivacy in Resources */ = {isa = PBXBuildFile; fileRef = 86C599F5F1C2F0DED98F1A14 /* PrivacyInfo.xcprivacy */; };
		76E8A2096472863C92260E8A /* KeyboardView.swift in Sources */ = {isa = PBXBuildFile; fileRef = 18883B1E32D31C78BBBC5823 /* KeyboardView.swift */; };
		7BA9D990F92E94ACD2F48097 /* PreferenceStore.swift in Sources */ = {isa = PBXBuildFile; fileRef = 32F289822E78B8E86444E1DB /* PreferenceStore.swift */; };
		A704DC24D5E3DC27A5DD953F /* SystemExtensionTests.swift in Sources */ = {isa = PBXBuildFile; fileRef = EF9B5E28EDF58B56F10CA68B /* SystemExtensionTests.swift */; };
		A7CE0545CAB819C8439DE97E /* Assets.xcassets in Resources */ = {isa = PBXBuildFile; fileRef = 16E80A036245B0B0E0A8485A /* Assets.xcassets */; };
		BA6763BE01E9B5A62BA32F28 /* OrtholinearKeyboard.appex in Embed Foundation Extensions */ = {isa = PBXBuildFile; fileRef = B091108B672BF6D4554C7520 /* OrtholinearKeyboard.appex */; settings = {ATTRIBUTES = (RemoveHeadersOnCopy, ); }; };
		C9C2786CBD707B44AC3D6E12 /* ContentView.swift in Sources */ = {isa = PBXBuildFile; fileRef = D8BD329D52E74E3AFAF37B4B /* ContentView.swift */; };
		D8D3211AB99208B4172A998C /* PunctuationSpacing.swift in Sources */ = {isa = PBXBuildFile; fileRef = D0E39453769AEEE16E7100E5 /* PunctuationSpacing.swift */; };
		E705ACF8C2196888FAB3BF72 /* KeyboardModel.swift in Sources */ = {isa = PBXBuildFile; fileRef = D189638075168513F1DBAF7E /* KeyboardModel.swift */; };
		EBF2EA0CCCC05DCD8C6468B4 /* PrivacyInfo.xcprivacy in Resources */ = {isa = PBXBuildFile; fileRef = 86C599F5F1C2F0DED98F1A14 /* PrivacyInfo.xcprivacy */; };
		F271EDA8E76BFF526D990369 /* KeyboardModel.swift in Sources */ = {isa = PBXBuildFile; fileRef = D189638075168513F1DBAF7E /* KeyboardModel.swift */; };
/* End PBXBuildFile section */

/* Begin PBXContainerItemProxy section */
		02A168E4C45BD74F2A705402 /* PBXContainerItemProxy */ = {
			isa = PBXContainerItemProxy;
			containerPortal = 4BED9A8908CA6EF3A1E1D744 /* Project object */;
			proxyType = 1;
			remoteGlobalIDString = A07140236826C328DB78D2DD;
			remoteInfo = OrtholinearKeyboard;
		};
		E117ECF9CB0FED21CCFD894B /* PBXContainerItemProxy */ = {
			isa = PBXContainerItemProxy;
			containerPortal = 4BED9A8908CA6EF3A1E1D744 /* Project object */;
			proxyType = 1;
			remoteGlobalIDString = DF701CC7AB6A5B13C26F3C71;
			remoteInfo = Ortholinear;
		};
		E69360459EDB9DB8C57016D6 /* PBXContainerItemProxy */ = {
			isa = PBXContainerItemProxy;
			containerPortal = 4BED9A8908CA6EF3A1E1D744 /* Project object */;
			proxyType = 1;
			remoteGlobalIDString = DF701CC7AB6A5B13C26F3C71;
			remoteInfo = Ortholinear;
		};
/* End PBXContainerItemProxy section */

/* Begin PBXCopyFilesBuildPhase section */
		C2786A35374605C9F61378C0 /* Embed Foundation Extensions */ = {
			isa = PBXCopyFilesBuildPhase;
			buildActionMask = 2147483647;
			dstPath = "";
			dstSubfolderSpec = 13;
			files = (
				BA6763BE01E9B5A62BA32F28 /* OrtholinearKeyboard.appex in Embed Foundation Extensions */,
			);
			name = "Embed Foundation Extensions";
			runOnlyForDeploymentPostprocessing = 0;
		};
/* End PBXCopyFilesBuildPhase section */

/* Begin PBXFileReference section */
		16E80A036245B0B0E0A8485A /* Assets.xcassets */ = {isa = PBXFileReference; lastKnownFileType = folder.assetcatalog; path = Assets.xcassets; sourceTree = "<group>"; };
		18883B1E32D31C78BBBC5823 /* KeyboardView.swift */ = {isa = PBXFileReference; lastKnownFileType = sourcecode.swift; path = KeyboardView.swift; sourceTree = "<group>"; };
		1F5730C942AD0C8948989808 /* Ortholinear.app */ = {isa = PBXFileReference; includeInIndex = 0; lastKnownFileType = wrapper.application; path = Ortholinear.app; sourceTree = BUILT_PRODUCTS_DIR; };
		22E8A3DD0FDD73251A66BDAF /* Info.plist */ = {isa = PBXFileReference; lastKnownFileType = text.plist; path = Info.plist; sourceTree = "<group>"; };
		32F289822E78B8E86444E1DB /* PreferenceStore.swift */ = {isa = PBXFileReference; lastKnownFileType = sourcecode.swift; path = PreferenceStore.swift; sourceTree = "<group>"; };
		55D1DDF0D7CE8041A8624AE7 /* OrtholinearUITests.xctest */ = {isa = PBXFileReference; includeInIndex = 0; lastKnownFileType = wrapper.cfbundle; path = OrtholinearUITests.xctest; sourceTree = BUILT_PRODUCTS_DIR; };
		5964C3E29AFD44D3E85A98CF /* PreviewSurface.swift */ = {isa = PBXFileReference; lastKnownFileType = sourcecode.swift; path = PreviewSurface.swift; sourceTree = "<group>"; };
		60DEBA4281CE92140F0EF537 /* OrtholinearKeyboard.entitlements */ = {isa = PBXFileReference; lastKnownFileType = text.plist.entitlements; path = OrtholinearKeyboard.entitlements; sourceTree = "<group>"; };
		64A444EABA05F1E4609B1364 /* OrtholinearApp.swift */ = {isa = PBXFileReference; lastKnownFileType = sourcecode.swift; path = OrtholinearApp.swift; sourceTree = "<group>"; };
		86C599F5F1C2F0DED98F1A14 /* PrivacyInfo.xcprivacy */ = {isa = PBXFileReference; path = PrivacyInfo.xcprivacy; sourceTree = "<group>"; };
		9D1EC3C852136D49D509329A /* Ortholinear.entitlements */ = {isa = PBXFileReference; lastKnownFileType = text.plist.entitlements; path = Ortholinear.entitlements; sourceTree = "<group>"; };
		A816BC4DB8557F655D3F8F36 /* OrtholinearSystemTests.xctest */ = {isa = PBXFileReference; includeInIndex = 0; lastKnownFileType = wrapper.cfbundle; path = OrtholinearSystemTests.xctest; sourceTree = BUILT_PRODUCTS_DIR; };
		ACF307C0E61A7F0F7CA21AD9 /* KeyboardViewController.swift */ = {isa = PBXFileReference; lastKnownFileType = sourcecode.swift; path = KeyboardViewController.swift; sourceTree = "<group>"; };
		B091108B672BF6D4554C7520 /* OrtholinearKeyboard.appex */ = {isa = PBXFileReference; includeInIndex = 0; lastKnownFileType = "wrapper.app-extension"; path = OrtholinearKeyboard.appex; sourceTree = BUILT_PRODUCTS_DIR; };
		D0E39453769AEEE16E7100E5 /* PunctuationSpacing.swift */ = {isa = PBXFileReference; lastKnownFileType = sourcecode.swift; path = PunctuationSpacing.swift; sourceTree = "<group>"; };
		D189638075168513F1DBAF7E /* KeyboardModel.swift */ = {isa = PBXFileReference; lastKnownFileType = sourcecode.swift; path = KeyboardModel.swift; sourceTree = "<group>"; };
		D3243D3CB937E349465A4702 /* Info.plist */ = {isa = PBXFileReference; lastKnownFileType = text.plist; path = Info.plist; sourceTree = "<group>"; };
		D8BD329D52E74E3AFAF37B4B /* ContentView.swift */ = {isa = PBXFileReference; lastKnownFileType = sourcecode.swift; path = ContentView.swift; sourceTree = "<group>"; };
		EF9B5E28EDF58B56F10CA68B /* SystemExtensionTests.swift */ = {isa = PBXFileReference; lastKnownFileType = sourcecode.swift; path = SystemExtensionTests.swift; sourceTree = "<group>"; };
		FB208E703422E526173E53E8 /* KeyboardUITests.swift */ = {isa = PBXFileReference; lastKnownFileType = sourcecode.swift; path = KeyboardUITests.swift; sourceTree = "<group>"; };
/* End PBXFileReference section */

/* Begin PBXGroup section */
		2C784537C381FAB9A6537BCC /* IntegrationTests */ = {
			isa = PBXGroup;
			children = (
				EF9B5E28EDF58B56F10CA68B /* SystemExtensionTests.swift */,
			);
			path = IntegrationTests;
			sourceTree = "<group>";
		};
		42E22431277E59D23C0C8008 /* Products */ = {
			isa = PBXGroup;
			children = (
				1F5730C942AD0C8948989808 /* Ortholinear.app */,
				B091108B672BF6D4554C7520 /* OrtholinearKeyboard.appex */,
				A816BC4DB8557F655D3F8F36 /* OrtholinearSystemTests.xctest */,
				55D1DDF0D7CE8041A8624AE7 /* OrtholinearUITests.xctest */,
			);
			name = Products;
			sourceTree = "<group>";
		};
		6B796C56992699A2740581ED /* Resources */ = {
			isa = PBXGroup;
			children = (
				16E80A036245B0B0E0A8485A /* Assets.xcassets */,
				86C599F5F1C2F0DED98F1A14 /* PrivacyInfo.xcprivacy */,
			);
			path = Resources;
			sourceTree = "<group>";
		};
		806C51D427D77E8543B27201 /* App */ = {
			isa = PBXGroup;
			children = (
				D8BD329D52E74E3AFAF37B4B /* ContentView.swift */,
				D3243D3CB937E349465A4702 /* Info.plist */,
				9D1EC3C852136D49D509329A /* Ortholinear.entitlements */,
				64A444EABA05F1E4609B1364 /* OrtholinearApp.swift */,
				5964C3E29AFD44D3E85A98CF /* PreviewSurface.swift */,
			);
			path = App;
			sourceTree = "<group>";
		};
		8E8426813ED2223E8CE60687 /* SharedUI */ = {
			isa = PBXGroup;
			children = (
				18883B1E32D31C78BBBC5823 /* KeyboardView.swift */,
				32F289822E78B8E86444E1DB /* PreferenceStore.swift */,
			);
			path = SharedUI;
			sourceTree = "<group>";
		};
		92F35BE5D2E110A0B6093F01 /* KeyboardExtension */ = {
			isa = PBXGroup;
			children = (
				22E8A3DD0FDD73251A66BDAF /* Info.plist */,
				ACF307C0E61A7F0F7CA21AD9 /* KeyboardViewController.swift */,
				60DEBA4281CE92140F0EF537 /* OrtholinearKeyboard.entitlements */,
			);
			path = KeyboardExtension;
			sourceTree = "<group>";
		};
		A7D09BB24BE312F494C200E7 /* Core */ = {
			isa = PBXGroup;
			children = (
				D189638075168513F1DBAF7E /* KeyboardModel.swift */,
				D0E39453769AEEE16E7100E5 /* PunctuationSpacing.swift */,
			);
			path = Core;
			sourceTree = "<group>";
		};
		D55158346B329132CA2A4582 = {
			isa = PBXGroup;
			children = (
				806C51D427D77E8543B27201 /* App */,
				A7D09BB24BE312F494C200E7 /* Core */,
				2C784537C381FAB9A6537BCC /* IntegrationTests */,
				92F35BE5D2E110A0B6093F01 /* KeyboardExtension */,
				6B796C56992699A2740581ED /* Resources */,
				8E8426813ED2223E8CE60687 /* SharedUI */,
				D6B28927FAC7E74D1922D494 /* UITests */,
				42E22431277E59D23C0C8008 /* Products */,
			);
			sourceTree = "<group>";
		};
		D6B28927FAC7E74D1922D494 /* UITests */ = {
			isa = PBXGroup;
			children = (
				FB208E703422E526173E53E8 /* KeyboardUITests.swift */,
			);
			path = UITests;
			sourceTree = "<group>";
		};
/* End PBXGroup section */

/* Begin PBXNativeTarget section */
		3B59E666AC441CDF9744CEC0 /* OrtholinearSystemTests */ = {
			isa = PBXNativeTarget;
			buildConfigurationList = 6108F9307DD45C717491DC62 /* Build configuration list for PBXNativeTarget "OrtholinearSystemTests" */;
			buildPhases = (
				2E743BB686DA9B2AEF2A9E0C /* Sources */,
			);
			buildRules = (
			);
			dependencies = (
				3C75694E0C3BF1B9EDBF98AE /* PBXTargetDependency */,
			);
			name = OrtholinearSystemTests;
			packageProductDependencies = (
			);
			productName = OrtholinearSystemTests;
			productReference = A816BC4DB8557F655D3F8F36 /* OrtholinearSystemTests.xctest */;
			productType = "com.apple.product-type.bundle.ui-testing";
		};
		A07140236826C328DB78D2DD /* OrtholinearKeyboard */ = {
			isa = PBXNativeTarget;
			buildConfigurationList = 080CC496161712186D5F9BF1 /* Build configuration list for PBXNativeTarget "OrtholinearKeyboard" */;
			buildPhases = (
				B32FD34ECAED4F575235A549 /* Sources */,
				EE52E8526787284AA9FFFFE2 /* Resources */,
			);
			buildRules = (
			);
			dependencies = (
			);
			name = OrtholinearKeyboard;
			packageProductDependencies = (
			);
			productName = OrtholinearKeyboard;
			productReference = B091108B672BF6D4554C7520 /* OrtholinearKeyboard.appex */;
			productType = "com.apple.product-type.app-extension";
		};
		DF701CC7AB6A5B13C26F3C71 /* Ortholinear */ = {
			isa = PBXNativeTarget;
			buildConfigurationList = D7C4DFC51C88FC609B56B3C0 /* Build configuration list for PBXNativeTarget "Ortholinear" */;
			buildPhases = (
				19C4E93BA2F4037F5355C069 /* Sources */,
				7CE6FC2EB8A90E1F459D0C09 /* Resources */,
				C2786A35374605C9F61378C0 /* Embed Foundation Extensions */,
			);
			buildRules = (
			);
			dependencies = (
				AA4E9C2E8FA977DA4348BC0C /* PBXTargetDependency */,
			);
			name = Ortholinear;
			packageProductDependencies = (
			);
			productName = Ortholinear;
			productReference = 1F5730C942AD0C8948989808 /* Ortholinear.app */;
			productType = "com.apple.product-type.application";
		};
		FCB7E36C33DE578E47AE9C43 /* OrtholinearUITests */ = {
			isa = PBXNativeTarget;
			buildConfigurationList = CFE78B3662D3F5506420018F /* Build configuration list for PBXNativeTarget "OrtholinearUITests" */;
			buildPhases = (
				1419DB60947CA1F9F81D3EDA /* Sources */,
			);
			buildRules = (
			);
			dependencies = (
				27A259BF874EF33EAA239246 /* PBXTargetDependency */,
			);
			name = OrtholinearUITests;
			packageProductDependencies = (
			);
			productName = OrtholinearUITests;
			productReference = 55D1DDF0D7CE8041A8624AE7 /* OrtholinearUITests.xctest */;
			productType = "com.apple.product-type.bundle.ui-testing";
		};
/* End PBXNativeTarget section */

/* Begin PBXProject section */
		4BED9A8908CA6EF3A1E1D744 /* Project object */ = {
			isa = PBXProject;
			attributes = {
				BuildIndependentTargetsInParallel = YES;
				LastUpgradeCheck = 1430;
				TargetAttributes = {
					3B59E666AC441CDF9744CEC0 = {
						DevelopmentTeam = 2Z5ZVRKA23;
						ProvisioningStyle = Automatic;
						TestTargetID = DF701CC7AB6A5B13C26F3C71;
					};
					A07140236826C328DB78D2DD = {
						DevelopmentTeam = 2Z5ZVRKA23;
						ProvisioningStyle = Automatic;
					};
					DF701CC7AB6A5B13C26F3C71 = {
						DevelopmentTeam = 2Z5ZVRKA23;
						ProvisioningStyle = Automatic;
					};
					FCB7E36C33DE578E47AE9C43 = {
						DevelopmentTeam = 2Z5ZVRKA23;
						ProvisioningStyle = Automatic;
						TestTargetID = DF701CC7AB6A5B13C26F3C71;
					};
				};
			};
			buildConfigurationList = 7EB3BD91B6D4E3F3EFC1B652 /* Build configuration list for PBXProject "Ortholinear" */;
			developmentRegion = en;
			hasScannedForEncodings = 0;
			knownRegions = (
				Base,
				en,
			);
			mainGroup = D55158346B329132CA2A4582;
			minimizedProjectReferenceProxies = 1;
			preferredProjectObjectVersion = 77;
			productRefGroup = 42E22431277E59D23C0C8008 /* Products */;
			projectDirPath = "";
			projectRoot = "";
			targets = (
				DF701CC7AB6A5B13C26F3C71 /* Ortholinear */,
				A07140236826C328DB78D2DD /* OrtholinearKeyboard */,
				FCB7E36C33DE578E47AE9C43 /* OrtholinearUITests */,
				3B59E666AC441CDF9744CEC0 /* OrtholinearSystemTests */,
			);
		};
/* End PBXProject section */

/* Begin PBXResourcesBuildPhase section */
		7CE6FC2EB8A90E1F459D0C09 /* Resources */ = {
			isa = PBXResourcesBuildPhase;
			buildActionMask = 2147483647;
			files = (
				A7CE0545CAB819C8439DE97E /* Assets.xcassets in Resources */,
				57BA8D1A393E327B0CBABB8B /* PrivacyInfo.xcprivacy in Resources */,
			);
			runOnlyForDeploymentPostprocessing = 0;
		};
		EE52E8526787284AA9FFFFE2 /* Resources */ = {
			isa = PBXResourcesBuildPhase;
			buildActionMask = 2147483647;
			files = (
				EBF2EA0CCCC05DCD8C6468B4 /* PrivacyInfo.xcprivacy in Resources */,
			);
			runOnlyForDeploymentPostprocessing = 0;
		};
/* End PBXResourcesBuildPhase section */

/* Begin PBXSourcesBuildPhase section */
		1419DB60947CA1F9F81D3EDA /* Sources */ = {
			isa = PBXSourcesBuildPhase;
			buildActionMask = 2147483647;
			files = (
				33D803B70D2BB7CBD7C06303 /* KeyboardUITests.swift in Sources */,
			);
			runOnlyForDeploymentPostprocessing = 0;
		};
		19C4E93BA2F4037F5355C069 /* Sources */ = {
			isa = PBXSourcesBuildPhase;
			buildActionMask = 2147483647;
			files = (
				C9C2786CBD707B44AC3D6E12 /* ContentView.swift in Sources */,
				E705ACF8C2196888FAB3BF72 /* KeyboardModel.swift in Sources */,
				76E8A2096472863C92260E8A /* KeyboardView.swift in Sources */,
				0FF64F2E44E0CF981D0F55F0 /* OrtholinearApp.swift in Sources */,
				14908B890B2894164D488C49 /* PreferenceStore.swift in Sources */,
				23A0055C86092F4090020792 /* PreviewSurface.swift in Sources */,
				0481D40368ACECCCAC6A2EE8 /* PunctuationSpacing.swift in Sources */,
			);
			runOnlyForDeploymentPostprocessing = 0;
		};
		2E743BB686DA9B2AEF2A9E0C /* Sources */ = {
			isa = PBXSourcesBuildPhase;
			buildActionMask = 2147483647;
			files = (
				A704DC24D5E3DC27A5DD953F /* SystemExtensionTests.swift in Sources */,
			);
			runOnlyForDeploymentPostprocessing = 0;
		};
		B32FD34ECAED4F575235A549 /* Sources */ = {
			isa = PBXSourcesBuildPhase;
			buildActionMask = 2147483647;
			files = (
				F271EDA8E76BFF526D990369 /* KeyboardModel.swift in Sources */,
				37BFB95BF57A4B15CD74B46B /* KeyboardView.swift in Sources */,
				2822A5F7F1A1E90223FB7626 /* KeyboardViewController.swift in Sources */,
				7BA9D990F92E94ACD2F48097 /* PreferenceStore.swift in Sources */,
				D8D3211AB99208B4172A998C /* PunctuationSpacing.swift in Sources */,
			);
			runOnlyForDeploymentPostprocessing = 0;
		};
/* End PBXSourcesBuildPhase section */

/* Begin PBXTargetDependency section */
		27A259BF874EF33EAA239246 /* PBXTargetDependency */ = {
			isa = PBXTargetDependency;
			target = DF701CC7AB6A5B13C26F3C71 /* Ortholinear */;
			targetProxy = E117ECF9CB0FED21CCFD894B /* PBXContainerItemProxy */;
		};
		3C75694E0C3BF1B9EDBF98AE /* PBXTargetDependency */ = {
			isa = PBXTargetDependency;
			target = DF701CC7AB6A5B13C26F3C71 /* Ortholinear */;
			targetProxy = E69360459EDB9DB8C57016D6 /* PBXContainerItemProxy */;
		};
		AA4E9C2E8FA977DA4348BC0C /* PBXTargetDependency */ = {
			isa = PBXTargetDependency;
			target = A07140236826C328DB78D2DD /* OrtholinearKeyboard */;
			targetProxy = 02A168E4C45BD74F2A705402 /* PBXContainerItemProxy */;
		};
/* End PBXTargetDependency section */

/* Begin XCBuildConfiguration section */
		0BBBCD423678ECBD48C7A6AC /* Debug */ = {
			isa = XCBuildConfiguration;
			buildSettings = {
				APPLICATION_EXTENSION_API_ONLY = YES;
				CODE_SIGN_ENTITLEMENTS = KeyboardExtension/OrtholinearKeyboard.entitlements;
				INFOPLIST_FILE = KeyboardExtension/Info.plist;
				LD_RUNPATH_SEARCH_PATHS = (
					"$(inherited)",
					"@executable_path/Frameworks",
					"@executable_path/../../Frameworks",
				);
				PRODUCT_BUNDLE_IDENTIFIER = com.varyvoda.Ortholinear.Keyboard;
				SDKROOT = iphoneos;
				SKIP_INSTALL = YES;
				TARGETED_DEVICE_FAMILY = "1,2";
			};
			name = Debug;
		};
		2F269BAEE83A4FF2F642D78A /* Debug */ = {
			isa = XCBuildConfiguration;
			buildSettings = {
				ASSETCATALOG_COMPILER_APPICON_NAME = AppIcon;
				CODE_SIGN_ENTITLEMENTS = App/Ortholinear.entitlements;
				CODE_SIGN_IDENTITY = "iPhone Developer";
				INFOPLIST_FILE = App/Info.plist;
				INFOPLIST_KEY_CFBundleDisplayName = Ortholinear;
				LD_RUNPATH_SEARCH_PATHS = (
					"$(inherited)",
					"@executable_path/Frameworks",
				);
				PRODUCT_BUNDLE_IDENTIFIER = com.varyvoda.Ortholinear;
				SDKROOT = iphoneos;
				TARGETED_DEVICE_FAMILY = "1,2";
			};
			name = Debug;
		};
		4E27659AF49B6CE798D40FA9 /* Release */ = {
			isa = XCBuildConfiguration;
			buildSettings = {
				ALWAYS_SEARCH_USER_PATHS = NO;
				CLANG_ANALYZER_NONNULL = YES;
				CLANG_ANALYZER_NUMBER_OBJECT_CONVERSION = YES_AGGRESSIVE;
				CLANG_CXX_LANGUAGE_STANDARD = "gnu++14";
				CLANG_CXX_LIBRARY = "libc++";
				CLANG_ENABLE_MODULES = YES;
				CLANG_ENABLE_OBJC_ARC = YES;
				CLANG_ENABLE_OBJC_WEAK = YES;
				CLANG_WARN_BLOCK_CAPTURE_AUTORELEASING = YES;
				CLANG_WARN_BOOL_CONVERSION = YES;
				CLANG_WARN_COMMA = YES;
				CLANG_WARN_CONSTANT_CONVERSION = YES;
				CLANG_WARN_DEPRECATED_OBJC_IMPLEMENTATIONS = YES;
				CLANG_WARN_DIRECT_OBJC_ISA_USAGE = YES_ERROR;
				CLANG_WARN_DOCUMENTATION_COMMENTS = YES;
				CLANG_WARN_EMPTY_BODY = YES;
				CLANG_WARN_ENUM_CONVERSION = YES;
				CLANG_WARN_INFINITE_RECURSION = YES;
				CLANG_WARN_INT_CONVERSION = YES;
				CLANG_WARN_NON_LITERAL_NULL_CONVERSION = YES;
				CLANG_WARN_OBJC_IMPLICIT_RETAIN_SELF = YES;
				CLANG_WARN_OBJC_LITERAL_CONVERSION = YES;
				CLANG_WARN_OBJC_ROOT_CLASS = YES_ERROR;
				CLANG_WARN_QUOTED_INCLUDE_IN_FRAMEWORK_HEADER = YES;
				CLANG_WARN_RANGE_LOOP_ANALYSIS = YES;
				CLANG_WARN_STRICT_PROTOTYPES = YES;
				CLANG_WARN_SUSPICIOUS_MOVE = YES;
				CLANG_WARN_UNGUARDED_AVAILABILITY = YES_AGGRESSIVE;
				CLANG_WARN_UNREACHABLE_CODE = YES;
				CLANG_WARN__DUPLICATE_METHOD_MATCH = YES;
				CODE_SIGN_STYLE = Automatic;
				COPY_PHASE_STRIP = NO;
				CURRENT_PROJECT_VERSION = 9;
				DEBUG_INFORMATION_FORMAT = "dwarf-with-dsym";
				DEVELOPMENT_TEAM = 2Z5ZVRKA23;
				ENABLE_NS_ASSERTIONS = NO;
				ENABLE_STRICT_OBJC_MSGSEND = YES;
				ENABLE_USER_SCRIPT_SANDBOXING = YES;
				GCC_C_LANGUAGE_STANDARD = gnu11;
				GCC_NO_COMMON_BLOCKS = YES;
				GCC_WARN_64_TO_32_BIT_CONVERSION = YES;
				GCC_WARN_ABOUT_RETURN_TYPE = YES_ERROR;
				GCC_WARN_UNDECLARED_SELECTOR = YES;
				GCC_WARN_UNINITIALIZED_AUTOS = YES_AGGRESSIVE;
				GCC_WARN_UNUSED_FUNCTION = YES;
				GCC_WARN_UNUSED_VARIABLE = YES;
				IPHONEOS_DEPLOYMENT_TARGET = 17.0;
				MARKETING_VERSION = 0.3.0;
				MTL_ENABLE_DEBUG_INFO = NO;
				MTL_FAST_MATH = YES;
				ORTHOLINEAR_APP_GROUP = group.com.varyvoda.Ortholinear;
				PRODUCT_NAME = "$(TARGET_NAME)";
				SDKROOT = iphoneos;
				SWIFT_COMPILATION_MODE = wholemodule;
				SWIFT_OPTIMIZATION_LEVEL = "-O";
				SWIFT_VERSION = 6.0;
				TARGETED_DEVICE_FAMILY = "1,2";
			};
			name = Release;
		};
		91CBBA505C456FED647D83BB /* Release */ = {
			isa = XCBuildConfiguration;
			buildSettings = {
				APPLICATION_EXTENSION_API_ONLY = YES;
				CODE_SIGN_ENTITLEMENTS = KeyboardExtension/OrtholinearKeyboard.entitlements;
				INFOPLIST_FILE = KeyboardExtension/Info.plist;
				LD_RUNPATH_SEARCH_PATHS = (
					"$(inherited)",
					"@executable_path/Frameworks",
					"@executable_path/../../Frameworks",
				);
				PRODUCT_BUNDLE_IDENTIFIER = com.varyvoda.Ortholinear.Keyboard;
				SDKROOT = iphoneos;
				SKIP_INSTALL = YES;
				TARGETED_DEVICE_FAMILY = "1,2";
			};
			name = Release;
		};
		93320AB97944343F14210BF4 /* Release */ = {
			isa = XCBuildConfiguration;
			buildSettings = {
				BUNDLE_LOADER = "$(TEST_HOST)";
				GENERATE_INFOPLIST_FILE = YES;
				LD_RUNPATH_SEARCH_PATHS = (
					"$(inherited)",
					"@executable_path/Frameworks",
					"@loader_path/Frameworks",
				);
				PRODUCT_BUNDLE_IDENTIFIER = com.varyvoda.Ortholinear.SystemTests;
				SDKROOT = iphoneos;
				TARGETED_DEVICE_FAMILY = "1,2";
				TEST_TARGET_NAME = Ortholinear;
			};
			name = Release;
		};
		A24C7089D12F968024D48686 /* Debug */ = {
			isa = XCBuildConfiguration;
			buildSettings = {
				BUNDLE_LOADER = "$(TEST_HOST)";
				GENERATE_INFOPLIST_FILE = YES;
				LD_RUNPATH_SEARCH_PATHS = (
					"$(inherited)",
					"@executable_path/Frameworks",
					"@loader_path/Frameworks",
				);
				PRODUCT_BUNDLE_IDENTIFIER = com.varyvoda.Ortholinear.UITests;
				SDKROOT = iphoneos;
				TARGETED_DEVICE_FAMILY = "1,2";
				TEST_TARGET_NAME = Ortholinear;
			};
			name = Debug;
		};
		AB4931B416622389EE176D8E /* Debug */ = {
			isa = XCBuildConfiguration;
			buildSettings = {
				BUNDLE_LOADER = "$(TEST_HOST)";
				GENERATE_INFOPLIST_FILE = YES;
				LD_RUNPATH_SEARCH_PATHS = (
					"$(inherited)",
					"@executable_path/Frameworks",
					"@loader_path/Frameworks",
				);
				PRODUCT_BUNDLE_IDENTIFIER = com.varyvoda.Ortholinear.SystemTests;
				SDKROOT = iphoneos;
				TARGETED_DEVICE_FAMILY = "1,2";
				TEST_TARGET_NAME = Ortholinear;
			};
			name = Debug;
		};
		B07DFE9AAD44497DEE5E8E7F /* Release */ = {
			isa = XCBuildConfiguration;
			buildSettings = {
				ASSETCATALOG_COMPILER_APPICON_NAME = AppIcon;
				CODE_SIGN_ENTITLEMENTS = App/Ortholinear.entitlements;
				CODE_SIGN_IDENTITY = "iPhone Developer";
				INFOPLIST_FILE = App/Info.plist;
				INFOPLIST_KEY_CFBundleDisplayName = Ortholinear;
				LD_RUNPATH_SEARCH_PATHS = (
					"$(inherited)",
					"@executable_path/Frameworks",
				);
				PRODUCT_BUNDLE_IDENTIFIER = com.varyvoda.Ortholinear;
				SDKROOT = iphoneos;
				TARGETED_DEVICE_FAMILY = "1,2";
			};
			name = Release;
		};
		BB55A0C74C0DBB1C7DAF8BB1 /* Release */ = {
			isa = XCBuildConfiguration;
			buildSettings = {
				BUNDLE_LOADER = "$(TEST_HOST)";
				GENERATE_INFOPLIST_FILE = YES;
				LD_RUNPATH_SEARCH_PATHS = (
					"$(inherited)",
					"@executable_path/Frameworks",
					"@loader_path/Frameworks",
				);
				PRODUCT_BUNDLE_IDENTIFIER = com.varyvoda.Ortholinear.UITests;
				SDKROOT = iphoneos;
				TARGETED_DEVICE_FAMILY = "1,2";
				TEST_TARGET_NAME = Ortholinear;
			};
			name = Release;
		};
		EAB871F6FC24C1BE51583A9A /* Debug */ = {
			isa = XCBuildConfiguration;
			buildSettings = {
				ALWAYS_SEARCH_USER_PATHS = NO;
				CLANG_ANALYZER_NONNULL = YES;
				CLANG_ANALYZER_NUMBER_OBJECT_CONVERSION = YES_AGGRESSIVE;
				CLANG_CXX_LANGUAGE_STANDARD = "gnu++14";
				CLANG_CXX_LIBRARY = "libc++";
				CLANG_ENABLE_MODULES = YES;
				CLANG_ENABLE_OBJC_ARC = YES;
				CLANG_ENABLE_OBJC_WEAK = YES;
				CLANG_WARN_BLOCK_CAPTURE_AUTORELEASING = YES;
				CLANG_WARN_BOOL_CONVERSION = YES;
				CLANG_WARN_COMMA = YES;
				CLANG_WARN_CONSTANT_CONVERSION = YES;
				CLANG_WARN_DEPRECATED_OBJC_IMPLEMENTATIONS = YES;
				CLANG_WARN_DIRECT_OBJC_ISA_USAGE = YES_ERROR;
				CLANG_WARN_DOCUMENTATION_COMMENTS = YES;
				CLANG_WARN_EMPTY_BODY = YES;
				CLANG_WARN_ENUM_CONVERSION = YES;
				CLANG_WARN_INFINITE_RECURSION = YES;
				CLANG_WARN_INT_CONVERSION = YES;
				CLANG_WARN_NON_LITERAL_NULL_CONVERSION = YES;
				CLANG_WARN_OBJC_IMPLICIT_RETAIN_SELF = YES;
				CLANG_WARN_OBJC_LITERAL_CONVERSION = YES;
				CLANG_WARN_OBJC_ROOT_CLASS = YES_ERROR;
				CLANG_WARN_QUOTED_INCLUDE_IN_FRAMEWORK_HEADER = YES;
				CLANG_WARN_RANGE_LOOP_ANALYSIS = YES;
				CLANG_WARN_STRICT_PROTOTYPES = YES;
				CLANG_WARN_SUSPICIOUS_MOVE = YES;
				CLANG_WARN_UNGUARDED_AVAILABILITY = YES_AGGRESSIVE;
				CLANG_WARN_UNREACHABLE_CODE = YES;
				CLANG_WARN__DUPLICATE_METHOD_MATCH = YES;
				CODE_SIGN_STYLE = Automatic;
				COPY_PHASE_STRIP = NO;
				CURRENT_PROJECT_VERSION = 9;
				DEBUG_INFORMATION_FORMAT = dwarf;
				DEVELOPMENT_TEAM = 2Z5ZVRKA23;
				ENABLE_STRICT_OBJC_MSGSEND = YES;
				ENABLE_TESTABILITY = YES;
				ENABLE_USER_SCRIPT_SANDBOXING = YES;
				GCC_C_LANGUAGE_STANDARD = gnu11;
				GCC_DYNAMIC_NO_PIC = NO;
				GCC_NO_COMMON_BLOCKS = YES;
				GCC_OPTIMIZATION_LEVEL = 0;
				GCC_PREPROCESSOR_DEFINITIONS = (
					"$(inherited)",
					"DEBUG=1",
				);
				GCC_WARN_64_TO_32_BIT_CONVERSION = YES;
				GCC_WARN_ABOUT_RETURN_TYPE = YES_ERROR;
				GCC_WARN_UNDECLARED_SELECTOR = YES;
				GCC_WARN_UNINITIALIZED_AUTOS = YES_AGGRESSIVE;
				GCC_WARN_UNUSED_FUNCTION = YES;
				GCC_WARN_UNUSED_VARIABLE = YES;
				IPHONEOS_DEPLOYMENT_TARGET = 17.0;
				MARKETING_VERSION = 0.3.0;
				MTL_ENABLE_DEBUG_INFO = INCLUDE_SOURCE;
				MTL_FAST_MATH = YES;
				ONLY_ACTIVE_ARCH = YES;
				ORTHOLINEAR_APP_GROUP = group.com.varyvoda.Ortholinear;
				PRODUCT_NAME = "$(TARGET_NAME)";
				SDKROOT = iphoneos;
				SWIFT_ACTIVE_COMPILATION_CONDITIONS = DEBUG;
				SWIFT_OPTIMIZATION_LEVEL = "-Onone";
				SWIFT_VERSION = 6.0;
				TARGETED_DEVICE_FAMILY = "1,2";
			};
			name = Debug;
		};
/* End XCBuildConfiguration section */

/* Begin XCConfigurationList section */
		080CC496161712186D5F9BF1 /* Build configuration list for PBXNativeTarget "OrtholinearKeyboard" */ = {
			isa = XCConfigurationList;
			buildConfigurations = (
				0BBBCD423678ECBD48C7A6AC /* Debug */,
				91CBBA505C456FED647D83BB /* Release */,
			);
			defaultConfigurationIsVisible = 0;
			defaultConfigurationName = Debug;
		};
		6108F9307DD45C717491DC62 /* Build configuration list for PBXNativeTarget "OrtholinearSystemTests" */ = {
			isa = XCConfigurationList;
			buildConfigurations = (
				AB4931B416622389EE176D8E /* Debug */,
				93320AB97944343F14210BF4 /* Release */,
			);
			defaultConfigurationIsVisible = 0;
			defaultConfigurationName = Debug;
		};
		7EB3BD91B6D4E3F3EFC1B652 /* Build configuration list for PBXProject "Ortholinear" */ = {
			isa = XCConfigurationList;
			buildConfigurations = (
				EAB871F6FC24C1BE51583A9A /* Debug */,
				4E27659AF49B6CE798D40FA9 /* Release */,
			);
			defaultConfigurationIsVisible = 0;
			defaultConfigurationName = Debug;
		};
		CFE78B3662D3F5506420018F /* Build configuration list for PBXNativeTarget "OrtholinearUITests" */ = {
			isa = XCConfigurationList;
			buildConfigurations = (
				A24C7089D12F968024D48686 /* Debug */,
				BB55A0C74C0DBB1C7DAF8BB1 /* Release */,
			);
			defaultConfigurationIsVisible = 0;
			defaultConfigurationName = Debug;
		};
		D7C4DFC51C88FC609B56B3C0 /* Build configuration list for PBXNativeTarget "Ortholinear" */ = {
			isa = XCConfigurationList;
			buildConfigurations = (
				2F269BAEE83A4FF2F642D78A /* Debug */,
				B07DFE9AAD44497DEE5E8E7F /* Release */,
			);
			defaultConfigurationIsVisible = 0;
			defaultConfigurationName = Debug;
		};
/* End XCConfigurationList section */
	};
	rootObject = 4BED9A8908CA6EF3A1E1D744 /* Project object */;
}
